
Microsoft Visual Studio Solution File, Format Version 12.00
# Visual Studio Version 17
VisualStudioVersion = 17.5.002.0
MinimumVisualStudioVersion = 10.0.40219.1
Project("{9A19103F-16F7-4668-BE54-9A1E7A4F7556}") = "CodigosPostales_net", "CodigosPostales\CodigosPostales_net.csproj", "{FA1E27E3-5215-4E9E-902F-13B436DA7D08}"
EndProject
Project("{2150E333-8FDC-42A3-9474-1A3956D46DE8}") = "Solution Items", "Solution Items", "{B03E8B4A-0D45-473B-B6EA-2BCF1492E1EC}"
	ProjectSection(SolutionItems) = preProject
		..\..\..\..\Desktop\Mambu.postman_collection.json = ..\..\..\..\Desktop\Mambu.postman_collection.json
		Readme.md = Readme.md
	EndProjectSection
EndProject
Project("{E53339B2-1760-4266-BCC7-CA923CBCF16C}") = "docker-compose", "docker-compose.dcproj", "{347B9D96-351C-4031-96DF-90829937CF41}"
EndProject
Project("{FAE04EC0-301F-11D3-BF4B-00C04F79EFBC}") = "CodigosPostales.ReglasDeNegocio", "..\CodigosPostales.ReglasDeNegocio\CodigosPostales.ReglasDeNegocio.csproj", "{9F23B2FA-FF6D-4601-ACED-E5A46259D0BF}"
EndProject
Project("{FAE04EC0-301F-11D3-BF4B-00C04F79EFBC}") = "CodigosPostales.Repositorios", "..\CodigosPostales.Repositorios\CodigosPostales.Repositorios.csproj", "{EEF7973C-9ACC-4CB3-BC5A-0666938BA40D}"
EndProject
Project("{FAE04EC0-301F-11D3-BF4B-00C04F79EFBC}") = "CodigosPostales_dotnet_wcf", "..\CodigosPostales_dotnet_wcf\CodigosPostales_dotnet_wcf.csproj", "{095EBDEA-918A-44E1-95BE-115ECDCECA69}"
EndProject
Global
	GlobalSection(SolutionConfigurationPlatforms) = preSolution
		Debug|Any CPU = Debug|Any CPU
		Release|Any CPU = Release|Any CPU
	EndGlobalSection
	GlobalSection(ProjectConfigurationPlatforms) = postSolution
		{FA1E27E3-5215-4E9E-902F-13B436DA7D08}.Debug|Any CPU.ActiveCfg = Debug|Any CPU
		{FA1E27E3-5215-4E9E-902F-13B436DA7D08}.Debug|Any CPU.Build.0 = Debug|Any CPU
		{FA1E27E3-5215-4E9E-902F-13B436DA7D08}.Release|Any CPU.ActiveCfg = Release|Any CPU
		{FA1E27E3-5215-4E9E-902F-13B436DA7D08}.Release|Any CPU.Build.0 = Release|Any CPU
		{347B9D96-351C-4031-96DF-90829937CF41}.Debug|Any CPU.ActiveCfg = Debug|Any CPU
		{347B9D96-351C-4031-96DF-90829937CF41}.Debug|Any CPU.Build.0 = Debug|Any CPU
		{347B9D96-351C-4031-96DF-90829937CF41}.Release|Any CPU.ActiveCfg = Release|Any CPU
		{347B9D96-351C-4031-96DF-90829937CF41}.Release|Any CPU.Build.0 = Release|Any CPU
		{9F23B2FA-FF6D-4601-ACED-E5A46259D0BF}.Debug|Any CPU.ActiveCfg = Debug|Any CPU
		{9F23B2FA-FF6D-4601-ACED-E5A46259D0BF}.Debug|Any CPU.Build.0 = Debug|Any CPU
		{9F23B2FA-FF6D-4601-ACED-E5A46259D0BF}.Release|Any CPU.ActiveCfg = Release|Any CPU
		{9F23B2FA-FF6D-4601-ACED-E5A46259D0BF}.Release|Any CPU.Build.0 = Release|Any CPU
		{EEF7973C-9ACC-4CB3-BC5A-0666938BA40D}.Debug|Any CPU.ActiveCfg = Debug|Any CPU
		{EEF7973C-9ACC-4CB3-BC5A-0666938BA40D}.Debug|Any CPU.Build.0 = Debug|Any CPU
		{EEF7973C-9ACC-4CB3-BC5A-0666938BA40D}.Release|Any CPU.ActiveCfg = Release|Any CPU
		{EEF7973C-9ACC-4CB3-BC5A-0666938BA40D}.Release|Any CPU.Build.0 = Release|Any CPU
		{095EBDEA-918A-44E1-95BE-115ECDCECA69}.Debug|Any CPU.ActiveCfg = Debug|Any CPU
		{095EBDEA-918A-44E1-95BE-115ECDCECA69}.Debug|Any CPU.Build.0 = Debug|Any CPU
		{095EBDEA-918A-44E1-95BE-115ECDCECA69}.Release|Any CPU.ActiveCfg = Release|Any CPU
		{095EBDEA-918A-44E1-95BE-115ECDCECA69}.Release|Any CPU.Build.0 = Release|Any CPU
	EndGlobalSection
	GlobalSection(SolutionProperties) = preSolution
		HideSolutionNode = FALSE
	EndGlobalSection
	GlobalSection(ExtensibilityGlobals) = postSolution
		SolutionGuid = {5A714A36-E67D-4176-85BD-A0F31947118D}
	EndGlobalSection
EndGlobal
