
Microsoft Visual Studio Solution File, Format Version 12.00
# Visual Studio Version 17
VisualStudioVersion = 17.5.002.0
MinimumVisualStudioVersion = 10.0.40219.1
Project("{9A19103F-16F7-4668-BE54-9A1E7A4F7556}") = "CodigosPostales_net", "CodigosPostales\CodigosPostales_net.csproj", "{FA1E27E3-5215-4E9E-902F-13B436DA7D08}"
EndProject
Project("{2150E333-8FDC-42A3-9474-1A3956D46DE8}") = "Solution Items", "Solution Items", "{B03E8B4A-0D45-473B-B6EA-2BCF1492E1EC}"
	ProjectSection(SolutionItems) = preProject
		Readme.md = Readme.md
	EndProjectSection
EndProject
Project("{E53339B2-1760-4266-BCC7-CA923CBCF16C}") = "docker-compose", "docker-compose.dcproj", "{347B9D96-351C-4031-96DF-90829937CF41}"
EndProject
Global
	GlobalSection(SolutionConfigurationPlatforms) = preSolution
		Debug|Any CPU = Debug|Any CPU
		Release|Any CPU = Release|Any CPU
	EndGlobalSection
	GlobalSection(ProjectConfigurationPlatforms) = postSolution
		{FA1E27E3-5215-4E9E-902F-13B436DA7D08}.Debug|Any CPU.ActiveCfg = Debug|Any CPU
		{FA1E27E3-5215-4E9E-902F-13B436DA7D08}.Debug|Any CPU.Build.0 = Debug|Any CPU
		{FA1E27E3-5215-4E9E-902F-13B436DA7D08}.Release|Any CPU.ActiveCfg = Release|Any CPU
		{FA1E27E3-5215-4E9E-902F-13B436DA7D08}.Release|Any CPU.Build.0 = Release|Any CPU
		{347B9D96-351C-4031-96DF-90829937CF41}.Debug|Any CPU.ActiveCfg = Debug|Any CPU
		{347B9D96-351C-4031-96DF-90829937CF41}.Debug|Any CPU.Build.0 = Debug|Any CPU
		{347B9D96-351C-4031-96DF-90829937CF41}.Release|Any CPU.ActiveCfg = Release|Any CPU
		{347B9D96-351C-4031-96DF-90829937CF41}.Release|Any CPU.Build.0 = Release|Any CPU
	EndGlobalSection
	GlobalSection(SolutionProperties) = preSolution
		HideSolutionNode = FALSE
	EndGlobalSection
	GlobalSection(ExtensibilityGlobals) = postSolution
		SolutionGuid = {5A714A36-E67D-4176-85BD-A0F31947118D}
	EndGlobalSection
EndGlobal
